
Microsoft Visual Studio Solution File, Format Version 12.00
# Visual Studio Version 17
VisualStudioVersion = 17.11.35303.130
MinimumVisualStudioVersion = 10.0.40219.1
Project("{8BC9CEB8-8B4A-11D0-8D11-00A0C91BC942}") = "LabAP10.1", "LabAP10.1\LabAP10.1.vcxproj", "{D3B24316-477A-410E-9946-7DDAB163D7C5}"
EndProject
Project("{8BC9CEB8-8B4A-11D0-8D11-00A0C91BC942}") = "LabAP10.1A", "LabAP10.1A\LabAP10.1A.vcxproj", "{7EBD1459-E688-423E-A93E-74BF7AF9844D}"
EndProject
Project("{8BC9CEB8-8B4A-11D0-8D11-00A0C91BC942}") = "UnitTest10.1A", "UnitTest10.1A\UnitTest10.1A.vcxproj", "{EFCABD13-757B-4053-8D5E-5404719B85D6}"
EndProject
Global
	GlobalSection(SolutionConfigurationPlatforms) = preSolution
		Debug|x64 = Debug|x64
		Debug|x86 = Debug|x86
		Release|x64 = Release|x64
		Release|x86 = Release|x86
	EndGlobalSection
	GlobalSection(ProjectConfigurationPlatforms) = postSolution
		{D3B24316-477A-410E-9946-7DDAB163D7C5}.Debug|x64.ActiveCfg = Debug|x64
		{D3B24316-477A-410E-9946-7DDAB163D7C5}.Debug|x64.Build.0 = Debug|x64
		{D3B24316-477A-410E-9946-7DDAB163D7C5}.Debug|x86.ActiveCfg = Debug|Win32
		{D3B24316-477A-410E-9946-7DDAB163D7C5}.Debug|x86.Build.0 = Debug|Win32
		{D3B24316-477A-410E-9946-7DDAB163D7C5}.Release|x64.ActiveCfg = Release|x64
		{D3B24316-477A-410E-9946-7DDAB163D7C5}.Release|x64.Build.0 = Release|x64
		{D3B24316-477A-410E-9946-7DDAB163D7C5}.Release|x86.ActiveCfg = Release|Win32
		{D3B24316-477A-410E-9946-7DDAB163D7C5}.Release|x86.Build.0 = Release|Win32
		{7EBD1459-E688-423E-A93E-74BF7AF9844D}.Debug|x64.ActiveCfg = Debug|x64
		{7EBD1459-E688-423E-A93E-74BF7AF9844D}.Debug|x64.Build.0 = Debug|x64
		{7EBD1459-E688-423E-A93E-74BF7AF9844D}.Debug|x86.ActiveCfg = Debug|Win32
		{7EBD1459-E688-423E-A93E-74BF7AF9844D}.Debug|x86.Build.0 = Debug|Win32
		{7EBD1459-E688-423E-A93E-74BF7AF9844D}.Release|x64.ActiveCfg = Release|x64
		{7EBD1459-E688-423E-A93E-74BF7AF9844D}.Release|x64.Build.0 = Release|x64
		{7EBD1459-E688-423E-A93E-74BF7AF9844D}.Release|x86.ActiveCfg = Release|Win32
		{7EBD1459-E688-423E-A93E-74BF7AF9844D}.Release|x86.Build.0 = Release|Win32
		{EFCABD13-757B-4053-8D5E-5404719B85D6}.Debug|x64.ActiveCfg = Debug|x64
		{EFCABD13-757B-4053-8D5E-5404719B85D6}.Debug|x64.Build.0 = Debug|x64
		{EFCABD13-757B-4053-8D5E-5404719B85D6}.Debug|x86.ActiveCfg = Debug|Win32
		{EFCABD13-757B-4053-8D5E-5404719B85D6}.Debug|x86.Build.0 = Debug|Win32
		{EFCABD13-757B-4053-8D5E-5404719B85D6}.Release|x64.ActiveCfg = Release|x64
		{EFCABD13-757B-4053-8D5E-5404719B85D6}.Release|x64.Build.0 = Release|x64
		{EFCABD13-757B-4053-8D5E-5404719B85D6}.Release|x86.ActiveCfg = Release|Win32
		{EFCABD13-757B-4053-8D5E-5404719B85D6}.Release|x86.Build.0 = Release|Win32
	EndGlobalSection
	GlobalSection(SolutionProperties) = preSolution
		HideSolutionNode = FALSE
	EndGlobalSection
	GlobalSection(ExtensibilityGlobals) = postSolution
		SolutionGuid = {5E1358B6-D820-4833-8C32-2CD193E6937A}
	EndGlobalSection
EndGlobal
